// !$*UTF8*$!
{
	archiveVersion = 1;
	classes = {
	};
	objectVersion = 46;
	objects = {

/* Begin PBXAggregateTarget section */
		"Convert::ConvertPackageTests::ProductTarget" /* ConvertPackageTests */ = {
			isa = PBXAggregateTarget;
			buildConfigurationList = OBJ_160 /* Build configuration list for PBXAggregateTarget "ConvertPackageTests" */;
			buildPhases = (
			);
			dependencies = (
				OBJ_163 /* PBXTargetDependency */,
			);
			name = ConvertPackageTests;
			productName = ConvertPackageTests;
		};
/* End PBXAggregateTarget section */

/* Begin PBXBuildFile section */
		OBJ_136 /* Angle.swift in Sources */ = {isa = PBXBuildFile; fileRef = OBJ_10 /* Angle.swift */; };
		OBJ_137 /* Area.swift in Sources */ = {isa = PBXBuildFile; fileRef = OBJ_11 /* Area.swift */; };
		OBJ_138 /* Convert.swift in Sources */ = {isa = PBXBuildFile; fileRef = OBJ_12 /* Convert.swift */; };
		OBJ_139 /* DataSize.swift in Sources */ = {isa = PBXBuildFile; fileRef = OBJ_13 /* DataSize.swift */; };
		OBJ_140 /* DataTransferRate.swift in Sources */ = {isa = PBXBuildFile; fileRef = OBJ_14 /* DataTransferRate.swift */; };
		OBJ_141 /* Energy.swift in Sources */ = {isa = PBXBuildFile; fileRef = OBJ_15 /* Energy.swift */; };
		OBJ_142 /* Frequency.swift in Sources */ = {isa = PBXBuildFile; fileRef = OBJ_16 /* Frequency.swift */; };
		OBJ_143 /* Length.swift in Sources */ = {isa = PBXBuildFile; fileRef = OBJ_17 /* Length.swift */; };
		OBJ_144 /* Mass.swift in Sources */ = {isa = PBXBuildFile; fileRef = OBJ_18 /* Mass.swift */; };
		OBJ_145 /* Metric.swift in Sources */ = {isa = PBXBuildFile; fileRef = OBJ_19 /* Metric.swift */; };
		OBJ_146 /* Power.swift in Sources */ = {isa = PBXBuildFile; fileRef = OBJ_20 /* Power.swift */; };
		OBJ_147 /* Pressure.swift in Sources */ = {isa = PBXBuildFile; fileRef = OBJ_21 /* Pressure.swift */; };
		OBJ_148 /* Speed.swift in Sources */ = {isa = PBXBuildFile; fileRef = OBJ_22 /* Speed.swift */; };
		OBJ_149 /* Temperature.swift in Sources */ = {isa = PBXBuildFile; fileRef = OBJ_23 /* Temperature.swift */; };
		OBJ_150 /* Time.swift in Sources */ = {isa = PBXBuildFile; fileRef = OBJ_24 /* Time.swift */; };
		OBJ_151 /* Volume.swift in Sources */ = {isa = PBXBuildFile; fileRef = OBJ_25 /* Volume.swift */; };
		OBJ_158 /* Package.swift in Sources */ = {isa = PBXBuildFile; fileRef = OBJ_6 /* Package.swift */; };
		OBJ_169 /* ConvertSpec.swift in Sources */ = {isa = PBXBuildFile; fileRef = OBJ_28 /* ConvertSpec.swift */; };
		OBJ_170 /* XCTestManifests.swift in Sources */ = {isa = PBXBuildFile; fileRef = OBJ_29 /* XCTestManifests.swift */; };
		OBJ_172 /* Nimble.framework in Frameworks */ = {isa = PBXBuildFile; fileRef = "Nimble::Nimble::Product" /* Nimble.framework */; };
		OBJ_173 /* Quick.framework in Frameworks */ = {isa = PBXBuildFile; fileRef = "Quick::Quick::Product" /* Quick.framework */; };
		OBJ_174 /* QuickSpecBase.framework in Frameworks */ = {isa = PBXBuildFile; fileRef = "Quick::QuickSpecBase::Product" /* QuickSpecBase.framework */; };
		OBJ_175 /* Convert.framework in Frameworks */ = {isa = PBXBuildFile; fileRef = "Convert::Convert::Product" /* Convert.framework */; };
		OBJ_187 /* AdapterProtocols.swift in Sources */ = {isa = PBXBuildFile; fileRef = OBJ_67 /* AdapterProtocols.swift */; };
		OBJ_188 /* AssertionDispatcher.swift in Sources */ = {isa = PBXBuildFile; fileRef = OBJ_68 /* AssertionDispatcher.swift */; };
		OBJ_189 /* AssertionRecorder.swift in Sources */ = {isa = PBXBuildFile; fileRef = OBJ_69 /* AssertionRecorder.swift */; };
		OBJ_190 /* NMBExpectation.swift in Sources */ = {isa = PBXBuildFile; fileRef = OBJ_70 /* NMBExpectation.swift */; };
		OBJ_191 /* NMBObjCMatcher.swift in Sources */ = {isa = PBXBuildFile; fileRef = OBJ_71 /* NMBObjCMatcher.swift */; };
		OBJ_192 /* NimbleEnvironment.swift in Sources */ = {isa = PBXBuildFile; fileRef = OBJ_72 /* NimbleEnvironment.swift */; };
		OBJ_193 /* NimbleXCTestHandler.swift in Sources */ = {isa = PBXBuildFile; fileRef = OBJ_73 /* NimbleXCTestHandler.swift */; };
		OBJ_194 /* ExceptionCapture.swift in Sources */ = {isa = PBXBuildFile; fileRef = OBJ_75 /* ExceptionCapture.swift */; };
		OBJ_195 /* DSL+Wait.swift in Sources */ = {isa = PBXBuildFile; fileRef = OBJ_76 /* DSL+Wait.swift */; };
		OBJ_196 /* DSL.swift in Sources */ = {isa = PBXBuildFile; fileRef = OBJ_77 /* DSL.swift */; };
		OBJ_197 /* Expectation.swift in Sources */ = {isa = PBXBuildFile; fileRef = OBJ_78 /* Expectation.swift */; };
		OBJ_198 /* ExpectationMessage.swift in Sources */ = {isa = PBXBuildFile; fileRef = OBJ_79 /* ExpectationMessage.swift */; };
		OBJ_199 /* Expression.swift in Sources */ = {isa = PBXBuildFile; fileRef = OBJ_80 /* Expression.swift */; };
		OBJ_200 /* FailureMessage.swift in Sources */ = {isa = PBXBuildFile; fileRef = OBJ_81 /* FailureMessage.swift */; };
		OBJ_201 /* AllPass.swift in Sources */ = {isa = PBXBuildFile; fileRef = OBJ_83 /* AllPass.swift */; };
		OBJ_202 /* Async.swift in Sources */ = {isa = PBXBuildFile; fileRef = OBJ_84 /* Async.swift */; };
		OBJ_203 /* BeAKindOf.swift in Sources */ = {isa = PBXBuildFile; fileRef = OBJ_85 /* BeAKindOf.swift */; };
		OBJ_204 /* BeAnInstanceOf.swift in Sources */ = {isa = PBXBuildFile; fileRef = OBJ_86 /* BeAnInstanceOf.swift */; };
		OBJ_205 /* BeCloseTo.swift in Sources */ = {isa = PBXBuildFile; fileRef = OBJ_87 /* BeCloseTo.swift */; };
		OBJ_206 /* BeEmpty.swift in Sources */ = {isa = PBXBuildFile; fileRef = OBJ_88 /* BeEmpty.swift */; };
		OBJ_207 /* BeGreaterThan.swift in Sources */ = {isa = PBXBuildFile; fileRef = OBJ_89 /* BeGreaterThan.swift */; };
		OBJ_208 /* BeGreaterThanOrEqualTo.swift in Sources */ = {isa = PBXBuildFile; fileRef = OBJ_90 /* BeGreaterThanOrEqualTo.swift */; };
		OBJ_209 /* BeIdenticalTo.swift in Sources */ = {isa = PBXBuildFile; fileRef = OBJ_91 /* BeIdenticalTo.swift */; };
		OBJ_210 /* BeLessThan.swift in Sources */ = {isa = PBXBuildFile; fileRef = OBJ_92 /* BeLessThan.swift */; };
		OBJ_211 /* BeLessThanOrEqual.swift in Sources */ = {isa = PBXBuildFile; fileRef = OBJ_93 /* BeLessThanOrEqual.swift */; };
		OBJ_212 /* BeLogical.swift in Sources */ = {isa = PBXBuildFile; fileRef = OBJ_94 /* BeLogical.swift */; };
		OBJ_213 /* BeNil.swift in Sources */ = {isa = PBXBuildFile; fileRef = OBJ_95 /* BeNil.swift */; };
		OBJ_214 /* BeVoid.swift in Sources */ = {isa = PBXBuildFile; fileRef = OBJ_96 /* BeVoid.swift */; };
		OBJ_215 /* BeginWith.swift in Sources */ = {isa = PBXBuildFile; fileRef = OBJ_97 /* BeginWith.swift */; };
		OBJ_216 /* Contain.swift in Sources */ = {isa = PBXBuildFile; fileRef = OBJ_98 /* Contain.swift */; };
		OBJ_217 /* ContainElementSatisfying.swift in Sources */ = {isa = PBXBuildFile; fileRef = OBJ_99 /* ContainElementSatisfying.swift */; };
		OBJ_218 /* ElementsEqual.swift in Sources */ = {isa = PBXBuildFile; fileRef = OBJ_100 /* ElementsEqual.swift */; };
		OBJ_219 /* EndWith.swift in Sources */ = {isa = PBXBuildFile; fileRef = OBJ_101 /* EndWith.swift */; };
		OBJ_220 /* Equal.swift in Sources */ = {isa = PBXBuildFile; fileRef = OBJ_102 /* Equal.swift */; };
		OBJ_221 /* HaveCount.swift in Sources */ = {isa = PBXBuildFile; fileRef = OBJ_103 /* HaveCount.swift */; };
		OBJ_222 /* Match.swift in Sources */ = {isa = PBXBuildFile; fileRef = OBJ_104 /* Match.swift */; };
		OBJ_223 /* MatchError.swift in Sources */ = {isa = PBXBuildFile; fileRef = OBJ_105 /* MatchError.swift */; };
		OBJ_224 /* MatcherFunc.swift in Sources */ = {isa = PBXBuildFile; fileRef = OBJ_106 /* MatcherFunc.swift */; };
		OBJ_225 /* MatcherProtocols.swift in Sources */ = {isa = PBXBuildFile; fileRef = OBJ_107 /* MatcherProtocols.swift */; };
		OBJ_226 /* PostNotification.swift in Sources */ = {isa = PBXBuildFile; fileRef = OBJ_108 /* PostNotification.swift */; };
		OBJ_227 /* Predicate.swift in Sources */ = {isa = PBXBuildFile; fileRef = OBJ_109 /* Predicate.swift */; };
		OBJ_228 /* RaisesException.swift in Sources */ = {isa = PBXBuildFile; fileRef = OBJ_110 /* RaisesException.swift */; };
		OBJ_229 /* SatisfyAllOf.swift in Sources */ = {isa = PBXBuildFile; fileRef = OBJ_111 /* SatisfyAllOf.swift */; };
		OBJ_230 /* SatisfyAnyOf.swift in Sources */ = {isa = PBXBuildFile; fileRef = OBJ_112 /* SatisfyAnyOf.swift */; };
		OBJ_231 /* ThrowAssertion.swift in Sources */ = {isa = PBXBuildFile; fileRef = OBJ_113 /* ThrowAssertion.swift */; };
		OBJ_232 /* ThrowError.swift in Sources */ = {isa = PBXBuildFile; fileRef = OBJ_114 /* ThrowError.swift */; };
		OBJ_233 /* ToSucceed.swift in Sources */ = {isa = PBXBuildFile; fileRef = OBJ_115 /* ToSucceed.swift */; };
		OBJ_234 /* Await.swift in Sources */ = {isa = PBXBuildFile; fileRef = OBJ_117 /* Await.swift */; };
		OBJ_235 /* Errors.swift in Sources */ = {isa = PBXBuildFile; fileRef = OBJ_118 /* Errors.swift */; };
		OBJ_236 /* Functional.swift in Sources */ = {isa = PBXBuildFile; fileRef = OBJ_119 /* Functional.swift */; };
		OBJ_237 /* SourceLocation.swift in Sources */ = {isa = PBXBuildFile; fileRef = OBJ_120 /* SourceLocation.swift */; };
		OBJ_238 /* Stringers.swift in Sources */ = {isa = PBXBuildFile; fileRef = OBJ_121 /* Stringers.swift */; };
		OBJ_245 /* Package.swift in Sources */ = {isa = PBXBuildFile; fileRef = OBJ_122 /* Package.swift */; };
		OBJ_250 /* Behavior.swift in Sources */ = {isa = PBXBuildFile; fileRef = OBJ_33 /* Behavior.swift */; };
		OBJ_251 /* Callsite.swift in Sources */ = {isa = PBXBuildFile; fileRef = OBJ_34 /* Callsite.swift */; };
		OBJ_252 /* Configuration.swift in Sources */ = {isa = PBXBuildFile; fileRef = OBJ_36 /* Configuration.swift */; };
		OBJ_253 /* QuickConfiguration.swift in Sources */ = {isa = PBXBuildFile; fileRef = OBJ_37 /* QuickConfiguration.swift */; };
		OBJ_254 /* DSL.swift in Sources */ = {isa = PBXBuildFile; fileRef = OBJ_39 /* DSL.swift */; };
		OBJ_255 /* World+DSL.swift in Sources */ = {isa = PBXBuildFile; fileRef = OBJ_40 /* World+DSL.swift */; };
		OBJ_256 /* ErrorUtility.swift in Sources */ = {isa = PBXBuildFile; fileRef = OBJ_41 /* ErrorUtility.swift */; };
		OBJ_257 /* Example.swift in Sources */ = {isa = PBXBuildFile; fileRef = OBJ_42 /* Example.swift */; };
		OBJ_258 /* ExampleGroup.swift in Sources */ = {isa = PBXBuildFile; fileRef = OBJ_43 /* ExampleGroup.swift */; };
		OBJ_259 /* ExampleMetadata.swift in Sources */ = {isa = PBXBuildFile; fileRef = OBJ_44 /* ExampleMetadata.swift */; };
		OBJ_260 /* Filter.swift in Sources */ = {isa = PBXBuildFile; fileRef = OBJ_45 /* Filter.swift */; };
		OBJ_261 /* Closures.swift in Sources */ = {isa = PBXBuildFile; fileRef = OBJ_47 /* Closures.swift */; };
		OBJ_262 /* ExampleHooks.swift in Sources */ = {isa = PBXBuildFile; fileRef = OBJ_48 /* ExampleHooks.swift */; };
		OBJ_263 /* HooksPhase.swift in Sources */ = {isa = PBXBuildFile; fileRef = OBJ_49 /* HooksPhase.swift */; };
		OBJ_264 /* SuiteHooks.swift in Sources */ = {isa = PBXBuildFile; fileRef = OBJ_50 /* SuiteHooks.swift */; };
		OBJ_265 /* NSBundle+CurrentTestBundle.swift in Sources */ = {isa = PBXBuildFile; fileRef = OBJ_51 /* NSBundle+CurrentTestBundle.swift */; };
		OBJ_266 /* QuickMain.swift in Sources */ = {isa = PBXBuildFile; fileRef = OBJ_52 /* QuickMain.swift */; };
		OBJ_267 /* QuickSelectedTestSuiteBuilder.swift in Sources */ = {isa = PBXBuildFile; fileRef = OBJ_53 /* QuickSelectedTestSuiteBuilder.swift */; };
		OBJ_268 /* QuickSpec.swift in Sources */ = {isa = PBXBuildFile; fileRef = OBJ_54 /* QuickSpec.swift */; };
		OBJ_269 /* QuickTestSuite.swift in Sources */ = {isa = PBXBuildFile; fileRef = OBJ_55 /* QuickTestSuite.swift */; };
		OBJ_270 /* String+C99ExtendedIdentifier.swift in Sources */ = {isa = PBXBuildFile; fileRef = OBJ_56 /* String+C99ExtendedIdentifier.swift */; };
		OBJ_271 /* URL+FileName.swift in Sources */ = {isa = PBXBuildFile; fileRef = OBJ_57 /* URL+FileName.swift */; };
		OBJ_272 /* World.swift in Sources */ = {isa = PBXBuildFile; fileRef = OBJ_58 /* World.swift */; };
		OBJ_274 /* QuickSpecBase.framework in Frameworks */ = {isa = PBXBuildFile; fileRef = "Quick::QuickSpecBase::Product" /* QuickSpecBase.framework */; };
		OBJ_281 /* Package.swift in Sources */ = {isa = PBXBuildFile; fileRef = OBJ_63 /* Package.swift */; };
		OBJ_286 /* QuickSpecBase.m in Sources */ = {isa = PBXBuildFile; fileRef = OBJ_60 /* QuickSpecBase.m */; };
		OBJ_288 /* QuickSpecBase.h in Headers */ = {isa = PBXBuildFile; fileRef = OBJ_62 /* QuickSpecBase.h */; settings = {ATTRIBUTES = (Public, ); }; };
/* End PBXBuildFile section */

/* Begin PBXContainerItemProxy section */
		6521E33F2313C6EB0011851E /* PBXContainerItemProxy */ = {
			isa = PBXContainerItemProxy;
			containerPortal = OBJ_1 /* Project object */;
			proxyType = 1;
			remoteGlobalIDString = "Nimble::Nimble";
			remoteInfo = Nimble;
		};
		6521E3402313C6EB0011851E /* PBXContainerItemProxy */ = {
			isa = PBXContainerItemProxy;
			containerPortal = OBJ_1 /* Project object */;
			proxyType = 1;
			remoteGlobalIDString = "Quick::Quick";
			remoteInfo = Quick;
		};
		6521E3412313C6EB0011851E /* PBXContainerItemProxy */ = {
			isa = PBXContainerItemProxy;
			containerPortal = OBJ_1 /* Project object */;
			proxyType = 1;
			remoteGlobalIDString = "Quick::QuickSpecBase";
			remoteInfo = QuickSpecBase;
		};
		6521E3422313C6EB0011851E /* PBXContainerItemProxy */ = {
			isa = PBXContainerItemProxy;
			containerPortal = OBJ_1 /* Project object */;
			proxyType = 1;
			remoteGlobalIDString = "Quick::QuickSpecBase";
			remoteInfo = QuickSpecBase;
		};
		6521E3432313C6EB0011851E /* PBXContainerItemProxy */ = {
			isa = PBXContainerItemProxy;
			containerPortal = OBJ_1 /* Project object */;
			proxyType = 1;
			remoteGlobalIDString = "Convert::Convert";
			remoteInfo = Convert;
		};
/* End PBXContainerItemProxy section */

/* Begin PBXFileReference section */
		"Convert::Convert::Product" /* Convert.framework */ = {isa = PBXFileReference; lastKnownFileType = wrapper.framework; path = Convert.framework; sourceTree = BUILT_PRODUCTS_DIR; };
		"Convert::ConvertTests::Product" /* ConvertTests.xctest */ = {isa = PBXFileReference; lastKnownFileType = file; path = ConvertTests.xctest; sourceTree = BUILT_PRODUCTS_DIR; };
		"Nimble::Nimble::Product" /* Nimble.framework */ = {isa = PBXFileReference; lastKnownFileType = wrapper.framework; path = Nimble.framework; sourceTree = BUILT_PRODUCTS_DIR; };
		OBJ_10 /* Angle.swift */ = {isa = PBXFileReference; lastKnownFileType = sourcecode.swift; path = Angle.swift; sourceTree = "<group>"; };
		OBJ_100 /* ElementsEqual.swift */ = {isa = PBXFileReference; lastKnownFileType = sourcecode.swift; path = ElementsEqual.swift; sourceTree = "<group>"; };
		OBJ_101 /* EndWith.swift */ = {isa = PBXFileReference; lastKnownFileType = sourcecode.swift; path = EndWith.swift; sourceTree = "<group>"; };
		OBJ_102 /* Equal.swift */ = {isa = PBXFileReference; lastKnownFileType = sourcecode.swift; path = Equal.swift; sourceTree = "<group>"; };
		OBJ_103 /* HaveCount.swift */ = {isa = PBXFileReference; lastKnownFileType = sourcecode.swift; path = HaveCount.swift; sourceTree = "<group>"; };
		OBJ_104 /* Match.swift */ = {isa = PBXFileReference; lastKnownFileType = sourcecode.swift; path = Match.swift; sourceTree = "<group>"; };
		OBJ_105 /* MatchError.swift */ = {isa = PBXFileReference; lastKnownFileType = sourcecode.swift; path = MatchError.swift; sourceTree = "<group>"; };
		OBJ_106 /* MatcherFunc.swift */ = {isa = PBXFileReference; lastKnownFileType = sourcecode.swift; path = MatcherFunc.swift; sourceTree = "<group>"; };
		OBJ_107 /* MatcherProtocols.swift */ = {isa = PBXFileReference; lastKnownFileType = sourcecode.swift; path = MatcherProtocols.swift; sourceTree = "<group>"; };
		OBJ_108 /* PostNotification.swift */ = {isa = PBXFileReference; lastKnownFileType = sourcecode.swift; path = PostNotification.swift; sourceTree = "<group>"; };
		OBJ_109 /* Predicate.swift */ = {isa = PBXFileReference; lastKnownFileType = sourcecode.swift; path = Predicate.swift; sourceTree = "<group>"; };
		OBJ_11 /* Area.swift */ = {isa = PBXFileReference; lastKnownFileType = sourcecode.swift; path = Area.swift; sourceTree = "<group>"; };
		OBJ_110 /* RaisesException.swift */ = {isa = PBXFileReference; lastKnownFileType = sourcecode.swift; path = RaisesException.swift; sourceTree = "<group>"; };
		OBJ_111 /* SatisfyAllOf.swift */ = {isa = PBXFileReference; lastKnownFileType = sourcecode.swift; path = SatisfyAllOf.swift; sourceTree = "<group>"; };
		OBJ_112 /* SatisfyAnyOf.swift */ = {isa = PBXFileReference; lastKnownFileType = sourcecode.swift; path = SatisfyAnyOf.swift; sourceTree = "<group>"; };
		OBJ_113 /* ThrowAssertion.swift */ = {isa = PBXFileReference; lastKnownFileType = sourcecode.swift; path = ThrowAssertion.swift; sourceTree = "<group>"; };
		OBJ_114 /* ThrowError.swift */ = {isa = PBXFileReference; lastKnownFileType = sourcecode.swift; path = ThrowError.swift; sourceTree = "<group>"; };
		OBJ_115 /* ToSucceed.swift */ = {isa = PBXFileReference; lastKnownFileType = sourcecode.swift; path = ToSucceed.swift; sourceTree = "<group>"; };
		OBJ_117 /* Await.swift */ = {isa = PBXFileReference; lastKnownFileType = sourcecode.swift; path = Await.swift; sourceTree = "<group>"; };
		OBJ_118 /* Errors.swift */ = {isa = PBXFileReference; lastKnownFileType = sourcecode.swift; path = Errors.swift; sourceTree = "<group>"; };
		OBJ_119 /* Functional.swift */ = {isa = PBXFileReference; lastKnownFileType = sourcecode.swift; path = Functional.swift; sourceTree = "<group>"; };
		OBJ_12 /* Convert.swift */ = {isa = PBXFileReference; lastKnownFileType = sourcecode.swift; path = Convert.swift; sourceTree = "<group>"; };
		OBJ_120 /* SourceLocation.swift */ = {isa = PBXFileReference; lastKnownFileType = sourcecode.swift; path = SourceLocation.swift; sourceTree = "<group>"; };
		OBJ_121 /* Stringers.swift */ = {isa = PBXFileReference; lastKnownFileType = sourcecode.swift; path = Stringers.swift; sourceTree = "<group>"; };
		OBJ_122 /* Package.swift */ = {isa = PBXFileReference; explicitFileType = sourcecode.swift; name = Package.swift; path = /Users/daniel/Documents/dev/Convert/.build/checkouts/Nimble/Package.swift; sourceTree = "<group>"; };
		OBJ_129 /* LICENSE */ = {isa = PBXFileReference; lastKnownFileType = text; path = LICENSE; sourceTree = "<group>"; };
		OBJ_13 /* DataSize.swift */ = {isa = PBXFileReference; lastKnownFileType = sourcecode.swift; path = DataSize.swift; sourceTree = "<group>"; };
		OBJ_130 /* README.md */ = {isa = PBXFileReference; lastKnownFileType = net.daringfireball.markdown; path = README.md; sourceTree = "<group>"; };
		OBJ_14 /* DataTransferRate.swift */ = {isa = PBXFileReference; lastKnownFileType = sourcecode.swift; path = DataTransferRate.swift; sourceTree = "<group>"; };
		OBJ_15 /* Energy.swift */ = {isa = PBXFileReference; lastKnownFileType = sourcecode.swift; path = Energy.swift; sourceTree = "<group>"; };
		OBJ_16 /* Frequency.swift */ = {isa = PBXFileReference; lastKnownFileType = sourcecode.swift; path = Frequency.swift; sourceTree = "<group>"; };
		OBJ_17 /* Length.swift */ = {isa = PBXFileReference; lastKnownFileType = sourcecode.swift; path = Length.swift; sourceTree = "<group>"; };
		OBJ_18 /* Mass.swift */ = {isa = PBXFileReference; lastKnownFileType = sourcecode.swift; path = Mass.swift; sourceTree = "<group>"; };
		OBJ_19 /* Metric.swift */ = {isa = PBXFileReference; lastKnownFileType = sourcecode.swift; path = Metric.swift; sourceTree = "<group>"; };
		OBJ_20 /* Power.swift */ = {isa = PBXFileReference; lastKnownFileType = sourcecode.swift; path = Power.swift; sourceTree = "<group>"; };
		OBJ_21 /* Pressure.swift */ = {isa = PBXFileReference; lastKnownFileType = sourcecode.swift; path = Pressure.swift; sourceTree = "<group>"; };
		OBJ_22 /* Speed.swift */ = {isa = PBXFileReference; lastKnownFileType = sourcecode.swift; path = Speed.swift; sourceTree = "<group>"; };
		OBJ_23 /* Temperature.swift */ = {isa = PBXFileReference; lastKnownFileType = sourcecode.swift; path = Temperature.swift; sourceTree = "<group>"; };
		OBJ_24 /* Time.swift */ = {isa = PBXFileReference; lastKnownFileType = sourcecode.swift; path = Time.swift; sourceTree = "<group>"; };
		OBJ_25 /* Volume.swift */ = {isa = PBXFileReference; lastKnownFileType = sourcecode.swift; path = Volume.swift; sourceTree = "<group>"; };
		OBJ_28 /* ConvertSpec.swift */ = {isa = PBXFileReference; lastKnownFileType = sourcecode.swift; path = ConvertSpec.swift; sourceTree = "<group>"; };
		OBJ_29 /* XCTestManifests.swift */ = {isa = PBXFileReference; lastKnownFileType = sourcecode.swift; path = XCTestManifests.swift; sourceTree = "<group>"; };
		OBJ_33 /* Behavior.swift */ = {isa = PBXFileReference; lastKnownFileType = sourcecode.swift; path = Behavior.swift; sourceTree = "<group>"; };
		OBJ_34 /* Callsite.swift */ = {isa = PBXFileReference; lastKnownFileType = sourcecode.swift; path = Callsite.swift; sourceTree = "<group>"; };
		OBJ_36 /* Configuration.swift */ = {isa = PBXFileReference; lastKnownFileType = sourcecode.swift; path = Configuration.swift; sourceTree = "<group>"; };
		OBJ_37 /* QuickConfiguration.swift */ = {isa = PBXFileReference; lastKnownFileType = sourcecode.swift; path = QuickConfiguration.swift; sourceTree = "<group>"; };
		OBJ_39 /* DSL.swift */ = {isa = PBXFileReference; lastKnownFileType = sourcecode.swift; path = DSL.swift; sourceTree = "<group>"; };
		OBJ_40 /* World+DSL.swift */ = {isa = PBXFileReference; lastKnownFileType = sourcecode.swift; path = "World+DSL.swift"; sourceTree = "<group>"; };
		OBJ_41 /* ErrorUtility.swift */ = {isa = PBXFileReference; lastKnownFileType = sourcecode.swift; path = ErrorUtility.swift; sourceTree = "<group>"; };
		OBJ_42 /* Example.swift */ = {isa = PBXFileReference; lastKnownFileType = sourcecode.swift; path = Example.swift; sourceTree = "<group>"; };
		OBJ_43 /* ExampleGroup.swift */ = {isa = PBXFileReference; lastKnownFileType = sourcecode.swift; path = ExampleGroup.swift; sourceTree = "<group>"; };
		OBJ_44 /* ExampleMetadata.swift */ = {isa = PBXFileReference; lastKnownFileType = sourcecode.swift; path = ExampleMetadata.swift; sourceTree = "<group>"; };
		OBJ_45 /* Filter.swift */ = {isa = PBXFileReference; lastKnownFileType = sourcecode.swift; path = Filter.swift; sourceTree = "<group>"; };
		OBJ_47 /* Closures.swift */ = {isa = PBXFileReference; lastKnownFileType = sourcecode.swift; path = Closures.swift; sourceTree = "<group>"; };
		OBJ_48 /* ExampleHooks.swift */ = {isa = PBXFileReference; lastKnownFileType = sourcecode.swift; path = ExampleHooks.swift; sourceTree = "<group>"; };
		OBJ_49 /* HooksPhase.swift */ = {isa = PBXFileReference; lastKnownFileType = sourcecode.swift; path = HooksPhase.swift; sourceTree = "<group>"; };
		OBJ_50 /* SuiteHooks.swift */ = {isa = PBXFileReference; lastKnownFileType = sourcecode.swift; path = SuiteHooks.swift; sourceTree = "<group>"; };
		OBJ_51 /* NSBundle+CurrentTestBundle.swift */ = {isa = PBXFileReference; lastKnownFileType = sourcecode.swift; path = "NSBundle+CurrentTestBundle.swift"; sourceTree = "<group>"; };
		OBJ_52 /* QuickMain.swift */ = {isa = PBXFileReference; lastKnownFileType = sourcecode.swift; path = QuickMain.swift; sourceTree = "<group>"; };
		OBJ_53 /* QuickSelectedTestSuiteBuilder.swift */ = {isa = PBXFileReference; lastKnownFileType = sourcecode.swift; path = QuickSelectedTestSuiteBuilder.swift; sourceTree = "<group>"; };
		OBJ_54 /* QuickSpec.swift */ = {isa = PBXFileReference; lastKnownFileType = sourcecode.swift; path = QuickSpec.swift; sourceTree = "<group>"; };
		OBJ_55 /* QuickTestSuite.swift */ = {isa = PBXFileReference; lastKnownFileType = sourcecode.swift; path = QuickTestSuite.swift; sourceTree = "<group>"; };
		OBJ_56 /* String+C99ExtendedIdentifier.swift */ = {isa = PBXFileReference; lastKnownFileType = sourcecode.swift; path = "String+C99ExtendedIdentifier.swift"; sourceTree = "<group>"; };
		OBJ_57 /* URL+FileName.swift */ = {isa = PBXFileReference; lastKnownFileType = sourcecode.swift; path = "URL+FileName.swift"; sourceTree = "<group>"; };
		OBJ_58 /* World.swift */ = {isa = PBXFileReference; lastKnownFileType = sourcecode.swift; path = World.swift; sourceTree = "<group>"; };
		OBJ_6 /* Package.swift */ = {isa = PBXFileReference; explicitFileType = sourcecode.swift; path = Package.swift; sourceTree = "<group>"; };
		OBJ_60 /* QuickSpecBase.m */ = {isa = PBXFileReference; lastKnownFileType = sourcecode.c.objc; path = QuickSpecBase.m; sourceTree = "<group>"; };
		OBJ_62 /* QuickSpecBase.h */ = {isa = PBXFileReference; lastKnownFileType = sourcecode.c.h; path = QuickSpecBase.h; sourceTree = "<group>"; };
		OBJ_63 /* Package.swift */ = {isa = PBXFileReference; explicitFileType = sourcecode.swift; name = Package.swift; path = /Users/daniel/Documents/dev/Convert/.build/checkouts/Quick/Package.swift; sourceTree = "<group>"; };
		OBJ_67 /* AdapterProtocols.swift */ = {isa = PBXFileReference; lastKnownFileType = sourcecode.swift; path = AdapterProtocols.swift; sourceTree = "<group>"; };
		OBJ_68 /* AssertionDispatcher.swift */ = {isa = PBXFileReference; lastKnownFileType = sourcecode.swift; path = AssertionDispatcher.swift; sourceTree = "<group>"; };
		OBJ_69 /* AssertionRecorder.swift */ = {isa = PBXFileReference; lastKnownFileType = sourcecode.swift; path = AssertionRecorder.swift; sourceTree = "<group>"; };
		OBJ_70 /* NMBExpectation.swift */ = {isa = PBXFileReference; lastKnownFileType = sourcecode.swift; path = NMBExpectation.swift; sourceTree = "<group>"; };
		OBJ_71 /* NMBObjCMatcher.swift */ = {isa = PBXFileReference; lastKnownFileType = sourcecode.swift; path = NMBObjCMatcher.swift; sourceTree = "<group>"; };
		OBJ_72 /* NimbleEnvironment.swift */ = {isa = PBXFileReference; lastKnownFileType = sourcecode.swift; path = NimbleEnvironment.swift; sourceTree = "<group>"; };
		OBJ_73 /* NimbleXCTestHandler.swift */ = {isa = PBXFileReference; lastKnownFileType = sourcecode.swift; path = NimbleXCTestHandler.swift; sourceTree = "<group>"; };
		OBJ_75 /* ExceptionCapture.swift */ = {isa = PBXFileReference; lastKnownFileType = sourcecode.swift; path = ExceptionCapture.swift; sourceTree = "<group>"; };
		OBJ_76 /* DSL+Wait.swift */ = {isa = PBXFileReference; lastKnownFileType = sourcecode.swift; path = "DSL+Wait.swift"; sourceTree = "<group>"; };
		OBJ_77 /* DSL.swift */ = {isa = PBXFileReference; lastKnownFileType = sourcecode.swift; path = DSL.swift; sourceTree = "<group>"; };
		OBJ_78 /* Expectation.swift */ = {isa = PBXFileReference; lastKnownFileType = sourcecode.swift; path = Expectation.swift; sourceTree = "<group>"; };
		OBJ_79 /* ExpectationMessage.swift */ = {isa = PBXFileReference; lastKnownFileType = sourcecode.swift; path = ExpectationMessage.swift; sourceTree = "<group>"; };
		OBJ_80 /* Expression.swift */ = {isa = PBXFileReference; lastKnownFileType = sourcecode.swift; path = Expression.swift; sourceTree = "<group>"; };
		OBJ_81 /* FailureMessage.swift */ = {isa = PBXFileReference; lastKnownFileType = sourcecode.swift; path = FailureMessage.swift; sourceTree = "<group>"; };
		OBJ_83 /* AllPass.swift */ = {isa = PBXFileReference; lastKnownFileType = sourcecode.swift; path = AllPass.swift; sourceTree = "<group>"; };
		OBJ_84 /* Async.swift */ = {isa = PBXFileReference; lastKnownFileType = sourcecode.swift; path = Async.swift; sourceTree = "<group>"; };
		OBJ_85 /* BeAKindOf.swift */ = {isa = PBXFileReference; lastKnownFileType = sourcecode.swift; path = BeAKindOf.swift; sourceTree = "<group>"; };
		OBJ_86 /* BeAnInstanceOf.swift */ = {isa = PBXFileReference; lastKnownFileType = sourcecode.swift; path = BeAnInstanceOf.swift; sourceTree = "<group>"; };
		OBJ_87 /* BeCloseTo.swift */ = {isa = PBXFileReference; lastKnownFileType = sourcecode.swift; path = BeCloseTo.swift; sourceTree = "<group>"; };
		OBJ_88 /* BeEmpty.swift */ = {isa = PBXFileReference; lastKnownFileType = sourcecode.swift; path = BeEmpty.swift; sourceTree = "<group>"; };
		OBJ_89 /* BeGreaterThan.swift */ = {isa = PBXFileReference; lastKnownFileType = sourcecode.swift; path = BeGreaterThan.swift; sourceTree = "<group>"; };
		OBJ_9 /* Info.plist */ = {isa = PBXFileReference; lastKnownFileType = text.plist.xml; path = Info.plist; sourceTree = "<group>"; };
		OBJ_90 /* BeGreaterThanOrEqualTo.swift */ = {isa = PBXFileReference; lastKnownFileType = sourcecode.swift; path = BeGreaterThanOrEqualTo.swift; sourceTree = "<group>"; };
		OBJ_91 /* BeIdenticalTo.swift */ = {isa = PBXFileReference; lastKnownFileType = sourcecode.swift; path = BeIdenticalTo.swift; sourceTree = "<group>"; };
		OBJ_92 /* BeLessThan.swift */ = {isa = PBXFileReference; lastKnownFileType = sourcecode.swift; path = BeLessThan.swift; sourceTree = "<group>"; };
		OBJ_93 /* BeLessThanOrEqual.swift */ = {isa = PBXFileReference; lastKnownFileType = sourcecode.swift; path = BeLessThanOrEqual.swift; sourceTree = "<group>"; };
		OBJ_94 /* BeLogical.swift */ = {isa = PBXFileReference; lastKnownFileType = sourcecode.swift; path = BeLogical.swift; sourceTree = "<group>"; };
		OBJ_95 /* BeNil.swift */ = {isa = PBXFileReference; lastKnownFileType = sourcecode.swift; path = BeNil.swift; sourceTree = "<group>"; };
		OBJ_96 /* BeVoid.swift */ = {isa = PBXFileReference; lastKnownFileType = sourcecode.swift; path = BeVoid.swift; sourceTree = "<group>"; };
		OBJ_97 /* BeginWith.swift */ = {isa = PBXFileReference; lastKnownFileType = sourcecode.swift; path = BeginWith.swift; sourceTree = "<group>"; };
		OBJ_98 /* Contain.swift */ = {isa = PBXFileReference; lastKnownFileType = sourcecode.swift; path = Contain.swift; sourceTree = "<group>"; };
		OBJ_99 /* ContainElementSatisfying.swift */ = {isa = PBXFileReference; lastKnownFileType = sourcecode.swift; path = ContainElementSatisfying.swift; sourceTree = "<group>"; };
		"Quick::Quick::Product" /* Quick.framework */ = {isa = PBXFileReference; lastKnownFileType = wrapper.framework; path = Quick.framework; sourceTree = BUILT_PRODUCTS_DIR; };
		"Quick::QuickSpecBase::Product" /* QuickSpecBase.framework */ = {isa = PBXFileReference; lastKnownFileType = wrapper.framework; path = QuickSpecBase.framework; sourceTree = BUILT_PRODUCTS_DIR; };
/* End PBXFileReference section */

/* Begin PBXFrameworksBuildPhase section */
		OBJ_152 /* Frameworks */ = {
			isa = PBXFrameworksBuildPhase;
			buildActionMask = 0;
			files = (
			);
			runOnlyForDeploymentPostprocessing = 0;
		};
		OBJ_171 /* Frameworks */ = {
			isa = PBXFrameworksBuildPhase;
			buildActionMask = 0;
			files = (
				OBJ_172 /* Nimble.framework in Frameworks */,
				OBJ_173 /* Quick.framework in Frameworks */,
				OBJ_174 /* QuickSpecBase.framework in Frameworks */,
				OBJ_175 /* Convert.framework in Frameworks */,
			);
			runOnlyForDeploymentPostprocessing = 0;
		};
		OBJ_239 /* Frameworks */ = {
			isa = PBXFrameworksBuildPhase;
			buildActionMask = 0;
			files = (
			);
			runOnlyForDeploymentPostprocessing = 0;
		};
		OBJ_273 /* Frameworks */ = {
			isa = PBXFrameworksBuildPhase;
			buildActionMask = 0;
			files = (
				OBJ_274 /* QuickSpecBase.framework in Frameworks */,
			);
			runOnlyForDeploymentPostprocessing = 0;
		};
		OBJ_289 /* Frameworks */ = {
			isa = PBXFrameworksBuildPhase;
			buildActionMask = 0;
			files = (
			);
			runOnlyForDeploymentPostprocessing = 0;
		};
/* End PBXFrameworksBuildPhase section */

/* Begin PBXGroup section */
		OBJ_116 /* Utils */ = {
			isa = PBXGroup;
			children = (
				OBJ_117 /* Await.swift */,
				OBJ_118 /* Errors.swift */,
				OBJ_119 /* Functional.swift */,
				OBJ_120 /* SourceLocation.swift */,
				OBJ_121 /* Stringers.swift */,
			);
			path = Utils;
			sourceTree = "<group>";
		};
		OBJ_123 /* Products */ = {
			isa = PBXGroup;
			children = (
				"Convert::ConvertTests::Product" /* ConvertTests.xctest */,
				"Quick::Quick::Product" /* Quick.framework */,
				"Convert::Convert::Product" /* Convert.framework */,
				"Nimble::Nimble::Product" /* Nimble.framework */,
				"Quick::QuickSpecBase::Product" /* QuickSpecBase.framework */,
			);
			name = Products;
			sourceTree = BUILT_PRODUCTS_DIR;
		};
		OBJ_26 /* Tests */ = {
			isa = PBXGroup;
			children = (
				OBJ_27 /* ConvertTests */,
			);
			name = Tests;
			sourceTree = SOURCE_ROOT;
		};
		OBJ_27 /* ConvertTests */ = {
			isa = PBXGroup;
			children = (
				OBJ_28 /* ConvertSpec.swift */,
				OBJ_29 /* XCTestManifests.swift */,
			);
			name = ConvertTests;
			path = Tests/ConvertTests;
			sourceTree = SOURCE_ROOT;
		};
		OBJ_30 /* Dependencies */ = {
			isa = PBXGroup;
			children = (
				OBJ_31 /* Quick 2.1.0 */,
				OBJ_64 /* Nimble 8.0.2 */,
			);
			name = Dependencies;
			sourceTree = "<group>";
		};
		OBJ_31 /* Quick 2.1.0 */ = {
			isa = PBXGroup;
			children = (
				OBJ_32 /* Quick */,
				OBJ_59 /* QuickSpecBase */,
				OBJ_63 /* Package.swift */,
			);
			name = "Quick 2.1.0";
			sourceTree = SOURCE_ROOT;
		};
		OBJ_32 /* Quick */ = {
			isa = PBXGroup;
			children = (
				OBJ_33 /* Behavior.swift */,
				OBJ_34 /* Callsite.swift */,
				OBJ_35 /* Configuration */,
				OBJ_38 /* DSL */,
				OBJ_41 /* ErrorUtility.swift */,
				OBJ_42 /* Example.swift */,
				OBJ_43 /* ExampleGroup.swift */,
				OBJ_44 /* ExampleMetadata.swift */,
				OBJ_45 /* Filter.swift */,
				OBJ_46 /* Hooks */,
				OBJ_51 /* NSBundle+CurrentTestBundle.swift */,
				OBJ_52 /* QuickMain.swift */,
				OBJ_53 /* QuickSelectedTestSuiteBuilder.swift */,
				OBJ_54 /* QuickSpec.swift */,
				OBJ_55 /* QuickTestSuite.swift */,
				OBJ_56 /* String+C99ExtendedIdentifier.swift */,
				OBJ_57 /* URL+FileName.swift */,
				OBJ_58 /* World.swift */,
			);
			name = Quick;
			path = .build/checkouts/Quick/Sources/Quick;
			sourceTree = SOURCE_ROOT;
		};
		OBJ_35 /* Configuration */ = {
			isa = PBXGroup;
			children = (
				OBJ_36 /* Configuration.swift */,
				OBJ_37 /* QuickConfiguration.swift */,
			);
			path = Configuration;
			sourceTree = "<group>";
		};
		OBJ_38 /* DSL */ = {
			isa = PBXGroup;
			children = (
				OBJ_39 /* DSL.swift */,
				OBJ_40 /* World+DSL.swift */,
			);
			path = DSL;
			sourceTree = "<group>";
		};
		OBJ_46 /* Hooks */ = {
			isa = PBXGroup;
			children = (
				OBJ_47 /* Closures.swift */,
				OBJ_48 /* ExampleHooks.swift */,
				OBJ_49 /* HooksPhase.swift */,
				OBJ_50 /* SuiteHooks.swift */,
			);
			path = Hooks;
			sourceTree = "<group>";
		};
		OBJ_5 /*  */ = {
			isa = PBXGroup;
			children = (
				OBJ_6 /* Package.swift */,
				OBJ_7 /* Sources */,
				OBJ_26 /* Tests */,
				OBJ_30 /* Dependencies */,
				OBJ_123 /* Products */,
				OBJ_129 /* LICENSE */,
				OBJ_130 /* README.md */,
			);
			name = "";
			sourceTree = "<group>";
		};
		OBJ_59 /* QuickSpecBase */ = {
			isa = PBXGroup;
			children = (
				OBJ_60 /* QuickSpecBase.m */,
				OBJ_61 /* include */,
			);
			name = QuickSpecBase;
			path = .build/checkouts/Quick/Sources/QuickSpecBase;
			sourceTree = SOURCE_ROOT;
		};
		OBJ_61 /* include */ = {
			isa = PBXGroup;
			children = (
				OBJ_62 /* QuickSpecBase.h */,
			);
			path = include;
			sourceTree = "<group>";
		};
		OBJ_64 /* Nimble 8.0.2 */ = {
			isa = PBXGroup;
			children = (
				OBJ_65 /* Nimble */,
				OBJ_122 /* Package.swift */,
			);
			name = "Nimble 8.0.2";
			sourceTree = SOURCE_ROOT;
		};
		OBJ_65 /* Nimble */ = {
			isa = PBXGroup;
			children = (
				OBJ_66 /* Adapters */,
				OBJ_76 /* DSL+Wait.swift */,
				OBJ_77 /* DSL.swift */,
				OBJ_78 /* Expectation.swift */,
				OBJ_79 /* ExpectationMessage.swift */,
				OBJ_80 /* Expression.swift */,
				OBJ_81 /* FailureMessage.swift */,
				OBJ_82 /* Matchers */,
				OBJ_116 /* Utils */,
			);
			name = Nimble;
			path = .build/checkouts/Nimble/Sources/Nimble;
			sourceTree = SOURCE_ROOT;
		};
		OBJ_66 /* Adapters */ = {
			isa = PBXGroup;
			children = (
				OBJ_67 /* AdapterProtocols.swift */,
				OBJ_68 /* AssertionDispatcher.swift */,
				OBJ_69 /* AssertionRecorder.swift */,
				OBJ_70 /* NMBExpectation.swift */,
				OBJ_71 /* NMBObjCMatcher.swift */,
				OBJ_72 /* NimbleEnvironment.swift */,
				OBJ_73 /* NimbleXCTestHandler.swift */,
				OBJ_74 /* NonObjectiveC */,
			);
			path = Adapters;
			sourceTree = "<group>";
		};
		OBJ_7 /* Sources */ = {
			isa = PBXGroup;
			children = (
				OBJ_8 /* Convert */,
			);
			name = Sources;
			sourceTree = SOURCE_ROOT;
		};
		OBJ_74 /* NonObjectiveC */ = {
			isa = PBXGroup;
			children = (
				OBJ_75 /* ExceptionCapture.swift */,
			);
			path = NonObjectiveC;
			sourceTree = "<group>";
		};
		OBJ_8 /* Convert */ = {
			isa = PBXGroup;
			children = (
				OBJ_9 /* Info.plist */,
				OBJ_10 /* Angle.swift */,
				OBJ_11 /* Area.swift */,
				OBJ_12 /* Convert.swift */,
				OBJ_13 /* DataSize.swift */,
				OBJ_14 /* DataTransferRate.swift */,
				OBJ_15 /* Energy.swift */,
				OBJ_16 /* Frequency.swift */,
				OBJ_17 /* Length.swift */,
				OBJ_18 /* Mass.swift */,
				OBJ_19 /* Metric.swift */,
				OBJ_20 /* Power.swift */,
				OBJ_21 /* Pressure.swift */,
				OBJ_22 /* Speed.swift */,
				OBJ_23 /* Temperature.swift */,
				OBJ_24 /* Time.swift */,
				OBJ_25 /* Volume.swift */,
			);
			name = Convert;
			path = Sources/Convert;
			sourceTree = SOURCE_ROOT;
		};
		OBJ_82 /* Matchers */ = {
			isa = PBXGroup;
			children = (
				OBJ_83 /* AllPass.swift */,
				OBJ_84 /* Async.swift */,
				OBJ_85 /* BeAKindOf.swift */,
				OBJ_86 /* BeAnInstanceOf.swift */,
				OBJ_87 /* BeCloseTo.swift */,
				OBJ_88 /* BeEmpty.swift */,
				OBJ_89 /* BeGreaterThan.swift */,
				OBJ_90 /* BeGreaterThanOrEqualTo.swift */,
				OBJ_91 /* BeIdenticalTo.swift */,
				OBJ_92 /* BeLessThan.swift */,
				OBJ_93 /* BeLessThanOrEqual.swift */,
				OBJ_94 /* BeLogical.swift */,
				OBJ_95 /* BeNil.swift */,
				OBJ_96 /* BeVoid.swift */,
				OBJ_97 /* BeginWith.swift */,
				OBJ_98 /* Contain.swift */,
				OBJ_99 /* ContainElementSatisfying.swift */,
				OBJ_100 /* ElementsEqual.swift */,
				OBJ_101 /* EndWith.swift */,
				OBJ_102 /* Equal.swift */,
				OBJ_103 /* HaveCount.swift */,
				OBJ_104 /* Match.swift */,
				OBJ_105 /* MatchError.swift */,
				OBJ_106 /* MatcherFunc.swift */,
				OBJ_107 /* MatcherProtocols.swift */,
				OBJ_108 /* PostNotification.swift */,
				OBJ_109 /* Predicate.swift */,
				OBJ_110 /* RaisesException.swift */,
				OBJ_111 /* SatisfyAllOf.swift */,
				OBJ_112 /* SatisfyAnyOf.swift */,
				OBJ_113 /* ThrowAssertion.swift */,
				OBJ_114 /* ThrowError.swift */,
				OBJ_115 /* ToSucceed.swift */,
			);
			path = Matchers;
			sourceTree = "<group>";
		};
/* End PBXGroup section */

/* Begin PBXHeadersBuildPhase section */
		OBJ_287 /* Headers */ = {
			isa = PBXHeadersBuildPhase;
			buildActionMask = 0;
			files = (
				OBJ_288 /* QuickSpecBase.h in Headers */,
			);
			runOnlyForDeploymentPostprocessing = 0;
		};
/* End PBXHeadersBuildPhase section */

/* Begin PBXNativeTarget section */
		"Convert::Convert" /* Convert */ = {
			isa = PBXNativeTarget;
			buildConfigurationList = OBJ_132 /* Build configuration list for PBXNativeTarget "Convert" */;
			buildPhases = (
				OBJ_135 /* Sources */,
				OBJ_152 /* Frameworks */,
			);
			buildRules = (
			);
			dependencies = (
			);
			name = Convert;
			productName = Convert;
			productReference = "Convert::Convert::Product" /* Convert.framework */;
			productType = "com.apple.product-type.framework";
		};
		"Convert::ConvertTests" /* ConvertTests */ = {
			isa = PBXNativeTarget;
			buildConfigurationList = OBJ_165 /* Build configuration list for PBXNativeTarget "ConvertTests" */;
			buildPhases = (
				OBJ_168 /* Sources */,
				OBJ_171 /* Frameworks */,
			);
			buildRules = (
			);
			dependencies = (
				OBJ_176 /* PBXTargetDependency */,
				OBJ_178 /* PBXTargetDependency */,
				OBJ_180 /* PBXTargetDependency */,
				OBJ_182 /* PBXTargetDependency */,
			);
			name = ConvertTests;
			productName = ConvertTests;
			productReference = "Convert::ConvertTests::Product" /* ConvertTests.xctest */;
			productType = "com.apple.product-type.bundle.unit-test";
		};
		"Convert::SwiftPMPackageDescription" /* ConvertPackageDescription */ = {
			isa = PBXNativeTarget;
			buildConfigurationList = OBJ_154 /* Build configuration list for PBXNativeTarget "ConvertPackageDescription" */;
			buildPhases = (
				OBJ_157 /* Sources */,
			);
			buildRules = (
			);
			dependencies = (
			);
			name = ConvertPackageDescription;
			productName = ConvertPackageDescription;
			productType = "com.apple.product-type.framework";
		};
		"Nimble::Nimble" /* Nimble */ = {
			isa = PBXNativeTarget;
			buildConfigurationList = OBJ_183 /* Build configuration list for PBXNativeTarget "Nimble" */;
			buildPhases = (
				OBJ_186 /* Sources */,
				OBJ_239 /* Frameworks */,
			);
			buildRules = (
			);
			dependencies = (
			);
			name = Nimble;
			productName = Nimble;
			productReference = "Nimble::Nimble::Product" /* Nimble.framework */;
			productType = "com.apple.product-type.framework";
		};
		"Nimble::SwiftPMPackageDescription" /* NimblePackageDescription */ = {
			isa = PBXNativeTarget;
			buildConfigurationList = OBJ_241 /* Build configuration list for PBXNativeTarget "NimblePackageDescription" */;
			buildPhases = (
				OBJ_244 /* Sources */,
			);
			buildRules = (
			);
			dependencies = (
			);
			name = NimblePackageDescription;
			productName = NimblePackageDescription;
			productType = "com.apple.product-type.framework";
		};
		"Quick::Quick" /* Quick */ = {
			isa = PBXNativeTarget;
			buildConfigurationList = OBJ_246 /* Build configuration list for PBXNativeTarget "Quick" */;
			buildPhases = (
				OBJ_249 /* Sources */,
				OBJ_273 /* Frameworks */,
			);
			buildRules = (
			);
			dependencies = (
				OBJ_275 /* PBXTargetDependency */,
			);
			name = Quick;
			productName = Quick;
			productReference = "Quick::Quick::Product" /* Quick.framework */;
			productType = "com.apple.product-type.framework";
		};
		"Quick::QuickSpecBase" /* QuickSpecBase */ = {
			isa = PBXNativeTarget;
			buildConfigurationList = OBJ_282 /* Build configuration list for PBXNativeTarget "QuickSpecBase" */;
			buildPhases = (
				OBJ_285 /* Sources */,
				OBJ_287 /* Headers */,
				OBJ_289 /* Frameworks */,
			);
			buildRules = (
			);
			dependencies = (
			);
			name = QuickSpecBase;
			productName = QuickSpecBase;
			productReference = "Quick::QuickSpecBase::Product" /* QuickSpecBase.framework */;
			productType = "com.apple.product-type.framework";
		};
		"Quick::SwiftPMPackageDescription" /* QuickPackageDescription */ = {
			isa = PBXNativeTarget;
			buildConfigurationList = OBJ_277 /* Build configuration list for PBXNativeTarget "QuickPackageDescription" */;
			buildPhases = (
				OBJ_280 /* Sources */,
			);
			buildRules = (
			);
			dependencies = (
			);
			name = QuickPackageDescription;
			productName = QuickPackageDescription;
			productType = "com.apple.product-type.framework";
		};
/* End PBXNativeTarget section */

/* Begin PBXProject section */
		OBJ_1 /* Project object */ = {
			isa = PBXProject;
			attributes = {
				LastSwiftMigration = 9999;
				LastUpgradeCheck = 9999;
			};
			buildConfigurationList = OBJ_2 /* Build configuration list for PBXProject "Convert" */;
			compatibilityVersion = "Xcode 3.2";
			developmentRegion = en;
			hasScannedForEncodings = 0;
			knownRegions = (
				en,
			);
			mainGroup = OBJ_5 /*  */;
			productRefGroup = OBJ_123 /* Products */;
			projectDirPath = "";
			projectRoot = "";
			targets = (
				"Convert::Convert" /* Convert */,
				"Convert::SwiftPMPackageDescription" /* ConvertPackageDescription */,
				"Convert::ConvertPackageTests::ProductTarget" /* ConvertPackageTests */,
				"Convert::ConvertTests" /* ConvertTests */,
				"Nimble::Nimble" /* Nimble */,
				"Nimble::SwiftPMPackageDescription" /* NimblePackageDescription */,
				"Quick::Quick" /* Quick */,
				"Quick::SwiftPMPackageDescription" /* QuickPackageDescription */,
				"Quick::QuickSpecBase" /* QuickSpecBase */,
			);
		};
/* End PBXProject section */

/* Begin PBXSourcesBuildPhase section */
		OBJ_135 /* Sources */ = {
			isa = PBXSourcesBuildPhase;
			buildActionMask = 0;
			files = (
				OBJ_136 /* Angle.swift in Sources */,
				OBJ_137 /* Area.swift in Sources */,
				OBJ_138 /* Convert.swift in Sources */,
				OBJ_139 /* DataSize.swift in Sources */,
				OBJ_140 /* DataTransferRate.swift in Sources */,
				OBJ_141 /* Energy.swift in Sources */,
				OBJ_142 /* Frequency.swift in Sources */,
				OBJ_143 /* Length.swift in Sources */,
				OBJ_144 /* Mass.swift in Sources */,
				OBJ_145 /* Metric.swift in Sources */,
				OBJ_146 /* Power.swift in Sources */,
				OBJ_147 /* Pressure.swift in Sources */,
				OBJ_148 /* Speed.swift in Sources */,
				OBJ_149 /* Temperature.swift in Sources */,
				OBJ_150 /* Time.swift in Sources */,
				OBJ_151 /* Volume.swift in Sources */,
			);
			runOnlyForDeploymentPostprocessing = 0;
		};
		OBJ_157 /* Sources */ = {
			isa = PBXSourcesBuildPhase;
			buildActionMask = 0;
			files = (
				OBJ_158 /* Package.swift in Sources */,
			);
			runOnlyForDeploymentPostprocessing = 0;
		};
		OBJ_168 /* Sources */ = {
			isa = PBXSourcesBuildPhase;
			buildActionMask = 0;
			files = (
				OBJ_169 /* ConvertSpec.swift in Sources */,
				OBJ_170 /* XCTestManifests.swift in Sources */,
			);
			runOnlyForDeploymentPostprocessing = 0;
		};
		OBJ_186 /* Sources */ = {
			isa = PBXSourcesBuildPhase;
			buildActionMask = 0;
			files = (
				OBJ_187 /* AdapterProtocols.swift in Sources */,
				OBJ_188 /* AssertionDispatcher.swift in Sources */,
				OBJ_189 /* AssertionRecorder.swift in Sources */,
				OBJ_190 /* NMBExpectation.swift in Sources */,
				OBJ_191 /* NMBObjCMatcher.swift in Sources */,
				OBJ_192 /* NimbleEnvironment.swift in Sources */,
				OBJ_193 /* NimbleXCTestHandler.swift in Sources */,
				OBJ_194 /* ExceptionCapture.swift in Sources */,
				OBJ_195 /* DSL+Wait.swift in Sources */,
				OBJ_196 /* DSL.swift in Sources */,
				OBJ_197 /* Expectation.swift in Sources */,
				OBJ_198 /* ExpectationMessage.swift in Sources */,
				OBJ_199 /* Expression.swift in Sources */,
				OBJ_200 /* FailureMessage.swift in Sources */,
				OBJ_201 /* AllPass.swift in Sources */,
				OBJ_202 /* Async.swift in Sources */,
				OBJ_203 /* BeAKindOf.swift in Sources */,
				OBJ_204 /* BeAnInstanceOf.swift in Sources */,
				OBJ_205 /* BeCloseTo.swift in Sources */,
				OBJ_206 /* BeEmpty.swift in Sources */,
				OBJ_207 /* BeGreaterThan.swift in Sources */,
				OBJ_208 /* BeGreaterThanOrEqualTo.swift in Sources */,
				OBJ_209 /* BeIdenticalTo.swift in Sources */,
				OBJ_210 /* BeLessThan.swift in Sources */,
				OBJ_211 /* BeLessThanOrEqual.swift in Sources */,
				OBJ_212 /* BeLogical.swift in Sources */,
				OBJ_213 /* BeNil.swift in Sources */,
				OBJ_214 /* BeVoid.swift in Sources */,
				OBJ_215 /* BeginWith.swift in Sources */,
				OBJ_216 /* Contain.swift in Sources */,
				OBJ_217 /* ContainElementSatisfying.swift in Sources */,
				OBJ_218 /* ElementsEqual.swift in Sources */,
				OBJ_219 /* EndWith.swift in Sources */,
				OBJ_220 /* Equal.swift in Sources */,
				OBJ_221 /* HaveCount.swift in Sources */,
				OBJ_222 /* Match.swift in Sources */,
				OBJ_223 /* MatchError.swift in Sources */,
				OBJ_224 /* MatcherFunc.swift in Sources */,
				OBJ_225 /* MatcherProtocols.swift in Sources */,
				OBJ_226 /* PostNotification.swift in Sources */,
				OBJ_227 /* Predicate.swift in Sources */,
				OBJ_228 /* RaisesException.swift in Sources */,
				OBJ_229 /* SatisfyAllOf.swift in Sources */,
				OBJ_230 /* SatisfyAnyOf.swift in Sources */,
				OBJ_231 /* ThrowAssertion.swift in Sources */,
				OBJ_232 /* ThrowError.swift in Sources */,
				OBJ_233 /* ToSucceed.swift in Sources */,
				OBJ_234 /* Await.swift in Sources */,
				OBJ_235 /* Errors.swift in Sources */,
				OBJ_236 /* Functional.swift in Sources */,
				OBJ_237 /* SourceLocation.swift in Sources */,
				OBJ_238 /* Stringers.swift in Sources */,
			);
			runOnlyForDeploymentPostprocessing = 0;
		};
		OBJ_244 /* Sources */ = {
			isa = PBXSourcesBuildPhase;
			buildActionMask = 0;
			files = (
				OBJ_245 /* Package.swift in Sources */,
			);
			runOnlyForDeploymentPostprocessing = 0;
		};
		OBJ_249 /* Sources */ = {
			isa = PBXSourcesBuildPhase;
			buildActionMask = 0;
			files = (
				OBJ_250 /* Behavior.swift in Sources */,
				OBJ_251 /* Callsite.swift in Sources */,
				OBJ_252 /* Configuration.swift in Sources */,
				OBJ_253 /* QuickConfiguration.swift in Sources */,
				OBJ_254 /* DSL.swift in Sources */,
				OBJ_255 /* World+DSL.swift in Sources */,
				OBJ_256 /* ErrorUtility.swift in Sources */,
				OBJ_257 /* Example.swift in Sources */,
				OBJ_258 /* ExampleGroup.swift in Sources */,
				OBJ_259 /* ExampleMetadata.swift in Sources */,
				OBJ_260 /* Filter.swift in Sources */,
				OBJ_261 /* Closures.swift in Sources */,
				OBJ_262 /* ExampleHooks.swift in Sources */,
				OBJ_263 /* HooksPhase.swift in Sources */,
				OBJ_264 /* SuiteHooks.swift in Sources */,
				OBJ_265 /* NSBundle+CurrentTestBundle.swift in Sources */,
				OBJ_266 /* QuickMain.swift in Sources */,
				OBJ_267 /* QuickSelectedTestSuiteBuilder.swift in Sources */,
				OBJ_268 /* QuickSpec.swift in Sources */,
				OBJ_269 /* QuickTestSuite.swift in Sources */,
				OBJ_270 /* String+C99ExtendedIdentifier.swift in Sources */,
				OBJ_271 /* URL+FileName.swift in Sources */,
				OBJ_272 /* World.swift in Sources */,
			);
			runOnlyForDeploymentPostprocessing = 0;
		};
		OBJ_280 /* Sources */ = {
			isa = PBXSourcesBuildPhase;
			buildActionMask = 0;
			files = (
				OBJ_281 /* Package.swift in Sources */,
			);
			runOnlyForDeploymentPostprocessing = 0;
		};
		OBJ_285 /* Sources */ = {
			isa = PBXSourcesBuildPhase;
			buildActionMask = 0;
			files = (
				OBJ_286 /* QuickSpecBase.m in Sources */,
			);
			runOnlyForDeploymentPostprocessing = 0;
		};
/* End PBXSourcesBuildPhase section */

/* Begin PBXTargetDependency section */
		OBJ_163 /* PBXTargetDependency */ = {
			isa = PBXTargetDependency;
			target = "Convert::ConvertTests" /* ConvertTests */;
			targetProxy = "Convert::ConvertTests" /* ConvertTests */;
		};
		OBJ_176 /* PBXTargetDependency */ = {
			isa = PBXTargetDependency;
			target = "Nimble::Nimble" /* Nimble */;
			targetProxy = 6521E33F2313C6EB0011851E /* PBXContainerItemProxy */;
		};
		OBJ_178 /* PBXTargetDependency */ = {
			isa = PBXTargetDependency;
			target = "Quick::Quick" /* Quick */;
			targetProxy = 6521E3402313C6EB0011851E /* PBXContainerItemProxy */;
		};
		OBJ_180 /* PBXTargetDependency */ = {
			isa = PBXTargetDependency;
			target = "Quick::QuickSpecBase" /* QuickSpecBase */;
			targetProxy = 6521E3422313C6EB0011851E /* PBXContainerItemProxy */;
		};
		OBJ_182 /* PBXTargetDependency */ = {
			isa = PBXTargetDependency;
			target = "Convert::Convert" /* Convert */;
			targetProxy = 6521E3432313C6EB0011851E /* PBXContainerItemProxy */;
		};
		OBJ_275 /* PBXTargetDependency */ = {
			isa = PBXTargetDependency;
			target = "Quick::QuickSpecBase" /* QuickSpecBase */;
			targetProxy = 6521E3412313C6EB0011851E /* PBXContainerItemProxy */;
		};
/* End PBXTargetDependency section */

/* Begin XCBuildConfiguration section */
		OBJ_133 /* Debug */ = {
			isa = XCBuildConfiguration;
			buildSettings = {
				ENABLE_TESTABILITY = YES;
				FRAMEWORK_SEARCH_PATHS = (
					"$(inherited)",
					"$(PLATFORM_DIR)/Developer/Library/Frameworks",
				);
				HEADER_SEARCH_PATHS = "$(inherited)";
				INFOPLIST_FILE = Convert.xcodeproj/Convert_Info.plist;
				IPHONEOS_DEPLOYMENT_TARGET = 8.0;
				LD_RUNPATH_SEARCH_PATHS = "$(inherited) $(TOOLCHAIN_DIR)/usr/lib/swift/macosx";
				MACOSX_DEPLOYMENT_TARGET = 10.10;
				OTHER_CFLAGS = "$(inherited)";
				OTHER_LDFLAGS = "$(inherited)";
				OTHER_SWIFT_FLAGS = "$(inherited)";
				PRODUCT_BUNDLE_IDENTIFIER = Convert;
				PRODUCT_MODULE_NAME = "$(TARGET_NAME:c99extidentifier)";
				PRODUCT_NAME = "$(TARGET_NAME:c99extidentifier)";
				SKIP_INSTALL = YES;
				SWIFT_ACTIVE_COMPILATION_CONDITIONS = "$(inherited)";
				SWIFT_VERSION = 5.0;
				TARGET_NAME = Convert;
				TVOS_DEPLOYMENT_TARGET = 9.0;
				WATCHOS_DEPLOYMENT_TARGET = 2.0;
			};
			name = Debug;
		};
		OBJ_134 /* Release */ = {
			isa = XCBuildConfiguration;
			buildSettings = {
				ENABLE_TESTABILITY = YES;
				FRAMEWORK_SEARCH_PATHS = (
					"$(inherited)",
					"$(PLATFORM_DIR)/Developer/Library/Frameworks",
				);
				HEADER_SEARCH_PATHS = "$(inherited)";
				INFOPLIST_FILE = Convert.xcodeproj/Convert_Info.plist;
				IPHONEOS_DEPLOYMENT_TARGET = 8.0;
				LD_RUNPATH_SEARCH_PATHS = "$(inherited) $(TOOLCHAIN_DIR)/usr/lib/swift/macosx";
				MACOSX_DEPLOYMENT_TARGET = 10.10;
				OTHER_CFLAGS = "$(inherited)";
				OTHER_LDFLAGS = "$(inherited)";
				OTHER_SWIFT_FLAGS = "$(inherited)";
				PRODUCT_BUNDLE_IDENTIFIER = Convert;
				PRODUCT_MODULE_NAME = "$(TARGET_NAME:c99extidentifier)";
				PRODUCT_NAME = "$(TARGET_NAME:c99extidentifier)";
				SKIP_INSTALL = YES;
				SWIFT_ACTIVE_COMPILATION_CONDITIONS = "$(inherited)";
				SWIFT_VERSION = 5.0;
				TARGET_NAME = Convert;
				TVOS_DEPLOYMENT_TARGET = 9.0;
				WATCHOS_DEPLOYMENT_TARGET = 2.0;
			};
			name = Release;
		};
		OBJ_155 /* Debug */ = {
			isa = XCBuildConfiguration;
			buildSettings = {
				LD = /usr/bin/true;
				OTHER_SWIFT_FLAGS = "-swift-version 5 -I $(TOOLCHAIN_DIR)/usr/lib/swift/pm/4_2 -target x86_64-apple-macosx10.10 -sdk /Applications/Xcode-beta.app/Contents/Developer/Platforms/MacOSX.platform/Developer/SDKs/MacOSX10.15.sdk -package-description-version 5.1";
				SWIFT_VERSION = 5.0;
			};
			name = Debug;
		};
		OBJ_156 /* Release */ = {
			isa = XCBuildConfiguration;
			buildSettings = {
				LD = /usr/bin/true;
				OTHER_SWIFT_FLAGS = "-swift-version 5 -I $(TOOLCHAIN_DIR)/usr/lib/swift/pm/4_2 -target x86_64-apple-macosx10.10 -sdk /Applications/Xcode-beta.app/Contents/Developer/Platforms/MacOSX.platform/Developer/SDKs/MacOSX10.15.sdk -package-description-version 5.1";
				SWIFT_VERSION = 5.0;
			};
			name = Release;
		};
		OBJ_161 /* Debug */ = {
			isa = XCBuildConfiguration;
			buildSettings = {
			};
			name = Debug;
		};
		OBJ_162 /* Release */ = {
			isa = XCBuildConfiguration;
			buildSettings = {
			};
			name = Release;
		};
		OBJ_166 /* Debug */ = {
			isa = XCBuildConfiguration;
			buildSettings = {
				CLANG_ENABLE_MODULES = YES;
				EMBEDDED_CONTENT_CONTAINS_SWIFT = YES;
				FRAMEWORK_SEARCH_PATHS = (
					"$(inherited)",
					"$(PLATFORM_DIR)/Developer/Library/Frameworks",
				);
				HEADER_SEARCH_PATHS = (
					"$(inherited)",
					"$(SRCROOT)/.build/checkouts/Quick/Sources/QuickSpecBase/include",
				);
				INFOPLIST_FILE = Convert.xcodeproj/ConvertTests_Info.plist;
				IPHONEOS_DEPLOYMENT_TARGET = 8.0;
				LD_RUNPATH_SEARCH_PATHS = "$(inherited) @loader_path/../Frameworks @loader_path/Frameworks";
				MACOSX_DEPLOYMENT_TARGET = 10.10;
				OTHER_CFLAGS = "$(inherited)";
				OTHER_LDFLAGS = "$(inherited)";
				OTHER_SWIFT_FLAGS = "$(inherited)";
				SWIFT_ACTIVE_COMPILATION_CONDITIONS = "$(inherited)";
				SWIFT_VERSION = 5.0;
				TARGET_NAME = ConvertTests;
				TVOS_DEPLOYMENT_TARGET = 9.0;
				WATCHOS_DEPLOYMENT_TARGET = 2.0;
			};
			name = Debug;
		};
		OBJ_167 /* Release */ = {
			isa = XCBuildConfiguration;
			buildSettings = {
				CLANG_ENABLE_MODULES = YES;
				EMBEDDED_CONTENT_CONTAINS_SWIFT = YES;
				FRAMEWORK_SEARCH_PATHS = (
					"$(inherited)",
					"$(PLATFORM_DIR)/Developer/Library/Frameworks",
				);
				HEADER_SEARCH_PATHS = (
					"$(inherited)",
					"$(SRCROOT)/.build/checkouts/Quick/Sources/QuickSpecBase/include",
				);
				INFOPLIST_FILE = Convert.xcodeproj/ConvertTests_Info.plist;
				IPHONEOS_DEPLOYMENT_TARGET = 8.0;
				LD_RUNPATH_SEARCH_PATHS = "$(inherited) @loader_path/../Frameworks @loader_path/Frameworks";
				MACOSX_DEPLOYMENT_TARGET = 10.10;
				OTHER_CFLAGS = "$(inherited)";
				OTHER_LDFLAGS = "$(inherited)";
				OTHER_SWIFT_FLAGS = "$(inherited)";
				SWIFT_ACTIVE_COMPILATION_CONDITIONS = "$(inherited)";
				SWIFT_VERSION = 5.0;
				TARGET_NAME = ConvertTests;
				TVOS_DEPLOYMENT_TARGET = 9.0;
				WATCHOS_DEPLOYMENT_TARGET = 2.0;
			};
			name = Release;
		};
		OBJ_184 /* Debug */ = {
			isa = XCBuildConfiguration;
			buildSettings = {
				ENABLE_TESTABILITY = YES;
				FRAMEWORK_SEARCH_PATHS = (
					"$(inherited)",
					"$(PLATFORM_DIR)/Developer/Library/Frameworks",
				);
				HEADER_SEARCH_PATHS = "$(inherited)";
				INFOPLIST_FILE = Convert.xcodeproj/Nimble_Info.plist;
				IPHONEOS_DEPLOYMENT_TARGET = 8.0;
				LD_RUNPATH_SEARCH_PATHS = "$(inherited) $(TOOLCHAIN_DIR)/usr/lib/swift/macosx";
				MACOSX_DEPLOYMENT_TARGET = 10.10;
				OTHER_CFLAGS = "$(inherited)";
				OTHER_LDFLAGS = "$(inherited)";
				OTHER_SWIFT_FLAGS = "$(inherited)";
				PRODUCT_BUNDLE_IDENTIFIER = Nimble;
				PRODUCT_MODULE_NAME = "$(TARGET_NAME:c99extidentifier)";
				PRODUCT_NAME = "$(TARGET_NAME:c99extidentifier)";
				SKIP_INSTALL = YES;
				SWIFT_ACTIVE_COMPILATION_CONDITIONS = "$(inherited)";
				SWIFT_VERSION = 5.0;
				TARGET_NAME = Nimble;
				TVOS_DEPLOYMENT_TARGET = 9.0;
				WATCHOS_DEPLOYMENT_TARGET = 2.0;
			};
			name = Debug;
		};
		OBJ_185 /* Release */ = {
			isa = XCBuildConfiguration;
			buildSettings = {
				ENABLE_TESTABILITY = YES;
				FRAMEWORK_SEARCH_PATHS = (
					"$(inherited)",
					"$(PLATFORM_DIR)/Developer/Library/Frameworks",
				);
				HEADER_SEARCH_PATHS = "$(inherited)";
				INFOPLIST_FILE = Convert.xcodeproj/Nimble_Info.plist;
				IPHONEOS_DEPLOYMENT_TARGET = 8.0;
				LD_RUNPATH_SEARCH_PATHS = "$(inherited) $(TOOLCHAIN_DIR)/usr/lib/swift/macosx";
				MACOSX_DEPLOYMENT_TARGET = 10.10;
				OTHER_CFLAGS = "$(inherited)";
				OTHER_LDFLAGS = "$(inherited)";
				OTHER_SWIFT_FLAGS = "$(inherited)";
				PRODUCT_BUNDLE_IDENTIFIER = Nimble;
				PRODUCT_MODULE_NAME = "$(TARGET_NAME:c99extidentifier)";
				PRODUCT_NAME = "$(TARGET_NAME:c99extidentifier)";
				SKIP_INSTALL = YES;
				SWIFT_ACTIVE_COMPILATION_CONDITIONS = "$(inherited)";
				SWIFT_VERSION = 5.0;
				TARGET_NAME = Nimble;
				TVOS_DEPLOYMENT_TARGET = 9.0;
				WATCHOS_DEPLOYMENT_TARGET = 2.0;
			};
			name = Release;
		};
		OBJ_242 /* Debug */ = {
			isa = XCBuildConfiguration;
			buildSettings = {
				LD = /usr/bin/true;
				OTHER_SWIFT_FLAGS = "-swift-version 5 -I $(TOOLCHAIN_DIR)/usr/lib/swift/pm/4_2 -target x86_64-apple-macosx10.10 -sdk /Applications/Xcode-beta.app/Contents/Developer/Platforms/MacOSX.platform/Developer/SDKs/MacOSX10.15.sdk -package-description-version 5";
				SWIFT_VERSION = 5.0;
			};
			name = Debug;
		};
		OBJ_243 /* Release */ = {
			isa = XCBuildConfiguration;
			buildSettings = {
				LD = /usr/bin/true;
				OTHER_SWIFT_FLAGS = "-swift-version 5 -I $(TOOLCHAIN_DIR)/usr/lib/swift/pm/4_2 -target x86_64-apple-macosx10.10 -sdk /Applications/Xcode-beta.app/Contents/Developer/Platforms/MacOSX.platform/Developer/SDKs/MacOSX10.15.sdk -package-description-version 5";
				SWIFT_VERSION = 5.0;
			};
			name = Release;
		};
		OBJ_247 /* Debug */ = {
			isa = XCBuildConfiguration;
			buildSettings = {
				ENABLE_TESTABILITY = YES;
				FRAMEWORK_SEARCH_PATHS = (
					"$(inherited)",
					"$(PLATFORM_DIR)/Developer/Library/Frameworks",
				);
				HEADER_SEARCH_PATHS = (
					"$(inherited)",
					"$(SRCROOT)/.build/checkouts/Quick/Sources/QuickSpecBase/include",
				);
				INFOPLIST_FILE = Convert.xcodeproj/Quick_Info.plist;
				IPHONEOS_DEPLOYMENT_TARGET = 8.0;
				LD_RUNPATH_SEARCH_PATHS = "$(inherited) $(TOOLCHAIN_DIR)/usr/lib/swift/macosx";
				MACOSX_DEPLOYMENT_TARGET = 10.10;
				OTHER_CFLAGS = "$(inherited)";
				OTHER_LDFLAGS = "$(inherited)";
				OTHER_SWIFT_FLAGS = "$(inherited)";
				PRODUCT_BUNDLE_IDENTIFIER = Quick;
				PRODUCT_MODULE_NAME = "$(TARGET_NAME:c99extidentifier)";
				PRODUCT_NAME = "$(TARGET_NAME:c99extidentifier)";
				SKIP_INSTALL = YES;
				SWIFT_ACTIVE_COMPILATION_CONDITIONS = "$(inherited)";
				SWIFT_VERSION = 5.0;
				TARGET_NAME = Quick;
				TVOS_DEPLOYMENT_TARGET = 9.0;
				WATCHOS_DEPLOYMENT_TARGET = 2.0;
			};
			name = Debug;
		};
		OBJ_248 /* Release */ = {
			isa = XCBuildConfiguration;
			buildSettings = {
				ENABLE_TESTABILITY = YES;
				FRAMEWORK_SEARCH_PATHS = (
					"$(inherited)",
					"$(PLATFORM_DIR)/Developer/Library/Frameworks",
				);
				HEADER_SEARCH_PATHS = (
					"$(inherited)",
					"$(SRCROOT)/.build/checkouts/Quick/Sources/QuickSpecBase/include",
				);
				INFOPLIST_FILE = Convert.xcodeproj/Quick_Info.plist;
				IPHONEOS_DEPLOYMENT_TARGET = 8.0;
				LD_RUNPATH_SEARCH_PATHS = "$(inherited) $(TOOLCHAIN_DIR)/usr/lib/swift/macosx";
				MACOSX_DEPLOYMENT_TARGET = 10.10;
				OTHER_CFLAGS = "$(inherited)";
				OTHER_LDFLAGS = "$(inherited)";
				OTHER_SWIFT_FLAGS = "$(inherited)";
				PRODUCT_BUNDLE_IDENTIFIER = Quick;
				PRODUCT_MODULE_NAME = "$(TARGET_NAME:c99extidentifier)";
				PRODUCT_NAME = "$(TARGET_NAME:c99extidentifier)";
				SKIP_INSTALL = YES;
				SWIFT_ACTIVE_COMPILATION_CONDITIONS = "$(inherited)";
				SWIFT_VERSION = 5.0;
				TARGET_NAME = Quick;
				TVOS_DEPLOYMENT_TARGET = 9.0;
				WATCHOS_DEPLOYMENT_TARGET = 2.0;
			};
			name = Release;
		};
		OBJ_278 /* Debug */ = {
			isa = XCBuildConfiguration;
			buildSettings = {
				LD = /usr/bin/true;
				OTHER_SWIFT_FLAGS = "-swift-version 5 -I $(TOOLCHAIN_DIR)/usr/lib/swift/pm/4_2 -target x86_64-apple-macosx10.10 -sdk /Applications/Xcode-beta.app/Contents/Developer/Platforms/MacOSX.platform/Developer/SDKs/MacOSX10.15.sdk -package-description-version 5";
				SWIFT_VERSION = 5.0;
			};
			name = Debug;
		};
		OBJ_279 /* Release */ = {
			isa = XCBuildConfiguration;
			buildSettings = {
				LD = /usr/bin/true;
				OTHER_SWIFT_FLAGS = "-swift-version 5 -I $(TOOLCHAIN_DIR)/usr/lib/swift/pm/4_2 -target x86_64-apple-macosx10.10 -sdk /Applications/Xcode-beta.app/Contents/Developer/Platforms/MacOSX.platform/Developer/SDKs/MacOSX10.15.sdk -package-description-version 5";
				SWIFT_VERSION = 5.0;
			};
			name = Release;
		};
		OBJ_283 /* Debug */ = {
			isa = XCBuildConfiguration;
			buildSettings = {
				CLANG_ENABLE_MODULES = YES;
				DEFINES_MODULE = YES;
				ENABLE_TESTABILITY = YES;
				FRAMEWORK_SEARCH_PATHS = (
					"$(inherited)",
					"$(PLATFORM_DIR)/Developer/Library/Frameworks",
				);
				HEADER_SEARCH_PATHS = (
					"$(inherited)",
					"$(SRCROOT)/.build/checkouts/Quick/Sources/QuickSpecBase/include",
				);
				INFOPLIST_FILE = Convert.xcodeproj/QuickSpecBase_Info.plist;
				IPHONEOS_DEPLOYMENT_TARGET = 8.0;
				LD_RUNPATH_SEARCH_PATHS = "$(inherited) $(TOOLCHAIN_DIR)/usr/lib/swift/macosx";
				MACOSX_DEPLOYMENT_TARGET = 10.10;
				OTHER_CFLAGS = "$(inherited)";
				OTHER_LDFLAGS = "$(inherited)";
				OTHER_SWIFT_FLAGS = "$(inherited)";
				PRODUCT_BUNDLE_IDENTIFIER = QuickSpecBase;
				PRODUCT_MODULE_NAME = "$(TARGET_NAME:c99extidentifier)";
				PRODUCT_NAME = "$(TARGET_NAME:c99extidentifier)";
				SKIP_INSTALL = YES;
				SWIFT_ACTIVE_COMPILATION_CONDITIONS = "$(inherited)";
				TARGET_NAME = QuickSpecBase;
				TVOS_DEPLOYMENT_TARGET = 9.0;
				WATCHOS_DEPLOYMENT_TARGET = 2.0;
			};
			name = Debug;
		};
		OBJ_284 /* Release */ = {
			isa = XCBuildConfiguration;
			buildSettings = {
				CLANG_ENABLE_MODULES = YES;
				DEFINES_MODULE = YES;
				ENABLE_TESTABILITY = YES;
				FRAMEWORK_SEARCH_PATHS = (
					"$(inherited)",
					"$(PLATFORM_DIR)/Developer/Library/Frameworks",
				);
				HEADER_SEARCH_PATHS = (
					"$(inherited)",
					"$(SRCROOT)/.build/checkouts/Quick/Sources/QuickSpecBase/include",
				);
				INFOPLIST_FILE = Convert.xcodeproj/QuickSpecBase_Info.plist;
				IPHONEOS_DEPLOYMENT_TARGET = 8.0;
				LD_RUNPATH_SEARCH_PATHS = "$(inherited) $(TOOLCHAIN_DIR)/usr/lib/swift/macosx";
				MACOSX_DEPLOYMENT_TARGET = 10.10;
				OTHER_CFLAGS = "$(inherited)";
				OTHER_LDFLAGS = "$(inherited)";
				OTHER_SWIFT_FLAGS = "$(inherited)";
				PRODUCT_BUNDLE_IDENTIFIER = QuickSpecBase;
				PRODUCT_MODULE_NAME = "$(TARGET_NAME:c99extidentifier)";
				PRODUCT_NAME = "$(TARGET_NAME:c99extidentifier)";
				SKIP_INSTALL = YES;
				SWIFT_ACTIVE_COMPILATION_CONDITIONS = "$(inherited)";
				TARGET_NAME = QuickSpecBase;
				TVOS_DEPLOYMENT_TARGET = 9.0;
				WATCHOS_DEPLOYMENT_TARGET = 2.0;
			};
			name = Release;
		};
		OBJ_3 /* Debug */ = {
			isa = XCBuildConfiguration;
			buildSettings = {
				CLANG_ENABLE_OBJC_ARC = YES;
				COMBINE_HIDPI_IMAGES = YES;
				COPY_PHASE_STRIP = NO;
				DEBUG_INFORMATION_FORMAT = dwarf;
				DYLIB_INSTALL_NAME_BASE = "@rpath";
				ENABLE_NS_ASSERTIONS = YES;
				GCC_OPTIMIZATION_LEVEL = 0;
				GCC_PREPROCESSOR_DEFINITIONS = (
					"$(inherited)",
					"SWIFT_PACKAGE=1",
					"DEBUG=1",
				);
				MACOSX_DEPLOYMENT_TARGET = 10.10;
				ONLY_ACTIVE_ARCH = YES;
				OTHER_SWIFT_FLAGS = "$(inherited) -DXcode";
				PRODUCT_NAME = "$(TARGET_NAME)";
				SDKROOT = macosx;
				SUPPORTED_PLATFORMS = "macosx iphoneos iphonesimulator appletvos appletvsimulator watchos watchsimulator";
				SWIFT_ACTIVE_COMPILATION_CONDITIONS = "$(inherited) SWIFT_PACKAGE DEBUG";
				SWIFT_OPTIMIZATION_LEVEL = "-Onone";
				USE_HEADERMAP = NO;
			};
			name = Debug;
		};
		OBJ_4 /* Release */ = {
			isa = XCBuildConfiguration;
			buildSettings = {
				CLANG_ENABLE_OBJC_ARC = YES;
				COMBINE_HIDPI_IMAGES = YES;
				COPY_PHASE_STRIP = YES;
				DEBUG_INFORMATION_FORMAT = "dwarf-with-dsym";
				DYLIB_INSTALL_NAME_BASE = "@rpath";
				GCC_OPTIMIZATION_LEVEL = s;
				GCC_PREPROCESSOR_DEFINITIONS = (
					"$(inherited)",
					"SWIFT_PACKAGE=1",
				);
				MACOSX_DEPLOYMENT_TARGET = 10.10;
				OTHER_SWIFT_FLAGS = "$(inherited) -DXcode";
				PRODUCT_NAME = "$(TARGET_NAME)";
				SDKROOT = macosx;
				SUPPORTED_PLATFORMS = "macosx iphoneos iphonesimulator appletvos appletvsimulator watchos watchsimulator";
				SWIFT_ACTIVE_COMPILATION_CONDITIONS = "$(inherited) SWIFT_PACKAGE";
				SWIFT_OPTIMIZATION_LEVEL = "-Owholemodule";
				USE_HEADERMAP = NO;
			};
			name = Release;
		};
/* End XCBuildConfiguration section */

/* Begin XCConfigurationList section */
		OBJ_132 /* Build configuration list for PBXNativeTarget "Convert" */ = {
			isa = XCConfigurationList;
			buildConfigurations = (
				OBJ_133 /* Debug */,
				OBJ_134 /* Release */,
			);
			defaultConfigurationIsVisible = 0;
			defaultConfigurationName = Release;
		};
		OBJ_154 /* Build configuration list for PBXNativeTarget "ConvertPackageDescription" */ = {
			isa = XCConfigurationList;
			buildConfigurations = (
				OBJ_155 /* Debug */,
				OBJ_156 /* Release */,
			);
			defaultConfigurationIsVisible = 0;
			defaultConfigurationName = Release;
		};
		OBJ_160 /* Build configuration list for PBXAggregateTarget "ConvertPackageTests" */ = {
			isa = XCConfigurationList;
			buildConfigurations = (
				OBJ_161 /* Debug */,
				OBJ_162 /* Release */,
			);
			defaultConfigurationIsVisible = 0;
			defaultConfigurationName = Release;
		};
		OBJ_165 /* Build configuration list for PBXNativeTarget "ConvertTests" */ = {
			isa = XCConfigurationList;
			buildConfigurations = (
				OBJ_166 /* Debug */,
				OBJ_167 /* Release */,
			);
			defaultConfigurationIsVisible = 0;
			defaultConfigurationName = Release;
		};
		OBJ_183 /* Build configuration list for PBXNativeTarget "Nimble" */ = {
			isa = XCConfigurationList;
			buildConfigurations = (
				OBJ_184 /* Debug */,
				OBJ_185 /* Release */,
			);
			defaultConfigurationIsVisible = 0;
			defaultConfigurationName = Release;
		};
		OBJ_2 /* Build configuration list for PBXProject "Convert" */ = {
			isa = XCConfigurationList;
			buildConfigurations = (
				OBJ_3 /* Debug */,
				OBJ_4 /* Release */,
			);
			defaultConfigurationIsVisible = 0;
			defaultConfigurationName = Release;
		};
		OBJ_241 /* Build configuration list for PBXNativeTarget "NimblePackageDescription" */ = {
			isa = XCConfigurationList;
			buildConfigurations = (
				OBJ_242 /* Debug */,
				OBJ_243 /* Release */,
			);
			defaultConfigurationIsVisible = 0;
			defaultConfigurationName = Release;
		};
		OBJ_246 /* Build configuration list for PBXNativeTarget "Quick" */ = {
			isa = XCConfigurationList;
			buildConfigurations = (
				OBJ_247 /* Debug */,
				OBJ_248 /* Release */,
			);
			defaultConfigurationIsVisible = 0;
			defaultConfigurationName = Release;
		};
		OBJ_277 /* Build configuration list for PBXNativeTarget "QuickPackageDescription" */ = {
			isa = XCConfigurationList;
			buildConfigurations = (
				OBJ_278 /* Debug */,
				OBJ_279 /* Release */,
			);
			defaultConfigurationIsVisible = 0;
			defaultConfigurationName = Release;
		};
		OBJ_282 /* Build configuration list for PBXNativeTarget "QuickSpecBase" */ = {
			isa = XCConfigurationList;
			buildConfigurations = (
				OBJ_283 /* Debug */,
				OBJ_284 /* Release */,
			);
			defaultConfigurationIsVisible = 0;
			defaultConfigurationName = Release;
		};
/* End XCConfigurationList section */
	};
	rootObject = OBJ_1 /* Project object */;
}
